
Microsoft Visual Studio Solution File, Format Version 12.00
# Visual Studio Version 17
VisualStudioVersion = 17.5.33424.131
MinimumVisualStudioVersion = 10.0.40219.1
Project("{FAE04EC0-301F-11D3-BF4B-00C04F79EFBC}") = "WindowsFormsApp1", "WindowsFormsApp1.csproj", "{4839243B-8AC9-4A6B-9B0D-47C579646DA9}"
EndProject
Global
	GlobalSection(SolutionConfigurationPlatforms) = preSolution
		Debug|Any CPU = Debug|Any CPU
		Release|Any CPU = Release|Any CPU
	EndGlobalSection
	GlobalSection(ProjectConfigurationPlatforms) = postSolution
		{4839243B-8AC9-4A6B-9B0D-47C579646DA9}.Debug|Any CPU.ActiveCfg = Debug|Any CPU
		{4839243B-8AC9-4A6B-9B0D-47C579646DA9}.Debug|Any CPU.Build.0 = Debug|Any CPU
		{4839243B-8AC9-4A6B-9B0D-47C579646DA9}.Release|Any CPU.ActiveCfg = Release|Any CPU
		{4839243B-8AC9-4A6B-9B0D-47C579646DA9}.Release|Any CPU.Build.0 = Release|Any CPU
	EndGlobalSection
	GlobalSection(SolutionProperties) = preSolution
		HideSolutionNode = FALSE
	EndGlobalSection
	GlobalSection(ExtensibilityGlobals) = postSolution
		SolutionGuid = {C0B8511F-5D93-4DCC-B2CD-D45ECD785378}
	EndGlobalSection
EndGlobal
